// !$*UTF8*$!
{
	archiveVersion = 1;
	classes = {
	};
	objectVersion = 56;
	objects = {

/* Begin PBXBuildFile section */
		791410FA297AE1FE007F1DE2 /* ExpandedAssignment.swift in Sources */ = {isa = PBXBuildFile; fileRef = 791410F9297AE1FE007F1DE2 /* ExpandedAssignment.swift */; };
		791BE996297DF9A700DF724E /* DateSelector.swift in Sources */ = {isa = PBXBuildFile; fileRef = 791BE995297DF9A700DF724E /* DateSelector.swift */; };
		791BE99A297E08B800DF724E /* EditAssignment.swift in Sources */ = {isa = PBXBuildFile; fileRef = 791BE999297E08B800DF724E /* EditAssignment.swift */; };
		791F60202960BB4300076509 /* PlanItApp.swift in Sources */ = {isa = PBXBuildFile; fileRef = 791F601F2960BB4300076509 /* PlanItApp.swift */; };
		791F60222960BB4300076509 /* ContentView.swift in Sources */ = {isa = PBXBuildFile; fileRef = 791F60212960BB4300076509 /* ContentView.swift */; };
		791F60242960BB4400076509 /* Assets.xcassets in Resources */ = {isa = PBXBuildFile; fileRef = 791F60232960BB4400076509 /* Assets.xcassets */; };
		791F60282960BB4400076509 /* Preview Assets.xcassets in Resources */ = {isa = PBXBuildFile; fileRef = 791F60272960BB4400076509 /* Preview Assets.xcassets */; };
		791F60372960BD6300076509 /* Planner.swift in Sources */ = {isa = PBXBuildFile; fileRef = 791F60322960BD6300076509 /* Planner.swift */; };
		791F60382960BD6300076509 /* Due.swift in Sources */ = {isa = PBXBuildFile; fileRef = 791F60332960BD6300076509 /* Due.swift */; };
		791F60392960BD6300076509 /* Settings.swift in Sources */ = {isa = PBXBuildFile; fileRef = 791F60342960BD6300076509 /* Settings.swift */; };
		791F603A2960BD6300076509 /* Home.swift in Sources */ = {isa = PBXBuildFile; fileRef = 791F60352960BD6300076509 /* Home.swift */; };
		791F603D2960BD7000076509 /* ExternalSource.swift in Sources */ = {isa = PBXBuildFile; fileRef = 791F603C2960BD7000076509 /* ExternalSource.swift */; };
		791F60422960BE0600076509 /* CoreDataManager.swift in Sources */ = {isa = PBXBuildFile; fileRef = 791F60412960BE0600076509 /* CoreDataManager.swift */; };
		791F60442960BE2600076509 /* jsonParser.swift in Sources */ = {isa = PBXBuildFile; fileRef = 791F60432960BE2600076509 /* jsonParser.swift */; };
		791F60472960BE3700076509 /* AssignmentModel.xcdatamodeld in Sources */ = {isa = PBXBuildFile; fileRef = 791F60452960BE3700076509 /* AssignmentModel.xcdatamodeld */; };
		791F60492960BE4900076509 /* AssignmentView.swift in Sources */ = {isa = PBXBuildFile; fileRef = 791F60482960BE4900076509 /* AssignmentView.swift */; };
		791F604B2960BE5100076509 /* TimerView.swift in Sources */ = {isa = PBXBuildFile; fileRef = 791F604A2960BE5100076509 /* TimerView.swift */; };
		791F604D2960BE6000076509 /* Tester.swift in Sources */ = {isa = PBXBuildFile; fileRef = 791F604C2960BE6000076509 /* Tester.swift */; };
		791F604F2960BE8C00076509 /* data.json in Resources */ = {isa = PBXBuildFile; fileRef = 791F604E2960BE8B00076509 /* data.json */; };
		791F60582960C1BE00076509 /* pullJSon.py in Resources */ = {isa = PBXBuildFile; fileRef = 791F60572960C1BE00076509 /* pullJSon.py */; };
		791F605B2960C35300076509 /* PythonKit in Frameworks */ = {isa = PBXBuildFile; productRef = 791F605A2960C35300076509 /* PythonKit */; };
		791F605E2960C93400076509 /* Python-iOS in Frameworks */ = {isa = PBXBuildFile; productRef = 791F605D2960C93400076509 /* Python-iOS */; };
		795958C52960D78600CA6CEF /* icsJSonFinal.py in Resources */ = {isa = PBXBuildFile; fileRef = 795958C42960D78600CA6CEF /* icsJSonFinal.py */; };
		795958C72960D78900CA6CEF /* test.py in Resources */ = {isa = PBXBuildFile; fileRef = 795958C62960D78900CA6CEF /* test.py */; };
		795958C92960D79800CA6CEF /* icsJSon.py in Resources */ = {isa = PBXBuildFile; fileRef = 795958C82960D79800CA6CEF /* icsJSon.py */; };
		795958CB2960EBEB00CA6CEF /* pythonSwiftBridge.swift in Sources */ = {isa = PBXBuildFile; fileRef = 795958CA2960EBEB00CA6CEF /* pythonSwiftBridge.swift */; };
		795958CD2960F23000CA6CEF /* Testpy.swift in Sources */ = {isa = PBXBuildFile; fileRef = 795958CC2960F23000CA6CEF /* Testpy.swift */; };
		795958CF2960F32A00CA6CEF /* Example.py in Resources */ = {isa = PBXBuildFile; fileRef = 795958CE2960F32A00CA6CEF /* Example.py */; };
		7961B6CE297AE43600A0593E /* ExpandedCourse.swift in Sources */ = {isa = PBXBuildFile; fileRef = 7961B6CD297AE43600A0593E /* ExpandedCourse.swift */; };
		79656470296A35DA003D230F /* AssignmentViewNew.swift in Sources */ = {isa = PBXBuildFile; fileRef = 7965646F296A35DA003D230F /* AssignmentViewNew.swift */; };
		796FFDF52974BC45007DF816 /* New.swift in Sources */ = {isa = PBXBuildFile; fileRef = 796FFDF42974BC45007DF816 /* New.swift */; };
		797A79B5297F0CA700799769 /* PlannerRow.swift in Sources */ = {isa = PBXBuildFile; fileRef = 797A79B4297F0CA700799769 /* PlannerRow.swift */; };
		798BF0C3297606E0005D7ED5 /* ChildAssignmentRow.swift in Sources */ = {isa = PBXBuildFile; fileRef = 798BF0C2297606E0005D7ED5 /* ChildAssignmentRow.swift */; };
		79B1CBE62977926400377357 /* NumTextField.swift in Sources */ = {isa = PBXBuildFile; fileRef = 79B1CBE52977926400377357 /* NumTextField.swift */; };
		79B1CBE829788A5F00377357 /* AssignmentViewSupports.swift in Sources */ = {isa = PBXBuildFile; fileRef = 79B1CBE729788A5F00377357 /* AssignmentViewSupports.swift */; };
/* End PBXBuildFile section */

/* Begin PBXFileReference section */
		791410F9297AE1FE007F1DE2 /* ExpandedAssignment.swift */ = {isa = PBXFileReference; lastKnownFileType = sourcecode.swift; path = ExpandedAssignment.swift; sourceTree = "<group>"; };
		791BE995297DF9A700DF724E /* DateSelector.swift */ = {isa = PBXFileReference; lastKnownFileType = sourcecode.swift; path = DateSelector.swift; sourceTree = "<group>"; };
		791BE999297E08B800DF724E /* EditAssignment.swift */ = {isa = PBXFileReference; lastKnownFileType = sourcecode.swift; path = EditAssignment.swift; sourceTree = "<group>"; };
		791F601C2960BB4300076509 /* PlanIt.app */ = {isa = PBXFileReference; explicitFileType = wrapper.application; includeInIndex = 0; path = PlanIt.app; sourceTree = BUILT_PRODUCTS_DIR; };
		791F601F2960BB4300076509 /* PlanItApp.swift */ = {isa = PBXFileReference; lastKnownFileType = sourcecode.swift; path = PlanItApp.swift; sourceTree = "<group>"; };
		791F60212960BB4300076509 /* ContentView.swift */ = {isa = PBXFileReference; lastKnownFileType = sourcecode.swift; path = ContentView.swift; sourceTree = "<group>"; };
		791F60232960BB4400076509 /* Assets.xcassets */ = {isa = PBXFileReference; lastKnownFileType = folder.assetcatalog; path = Assets.xcassets; sourceTree = "<group>"; };
		791F60252960BB4400076509 /* PlanIt.entitlements */ = {isa = PBXFileReference; lastKnownFileType = text.plist.entitlements; path = PlanIt.entitlements; sourceTree = "<group>"; };
		791F60272960BB4400076509 /* Preview Assets.xcassets */ = {isa = PBXFileReference; lastKnownFileType = folder.assetcatalog; path = "Preview Assets.xcassets"; sourceTree = "<group>"; };
		791F60322960BD6300076509 /* Planner.swift */ = {isa = PBXFileReference; fileEncoding = 4; lastKnownFileType = sourcecode.swift; path = Planner.swift; sourceTree = "<group>"; };
		791F60332960BD6300076509 /* Due.swift */ = {isa = PBXFileReference; fileEncoding = 4; lastKnownFileType = sourcecode.swift; path = Due.swift; sourceTree = "<group>"; };
		791F60342960BD6300076509 /* Settings.swift */ = {isa = PBXFileReference; fileEncoding = 4; lastKnownFileType = sourcecode.swift; path = Settings.swift; sourceTree = "<group>"; };
		791F60352960BD6300076509 /* Home.swift */ = {isa = PBXFileReference; fileEncoding = 4; lastKnownFileType = sourcecode.swift; path = Home.swift; sourceTree = "<group>"; };
		791F603C2960BD7000076509 /* ExternalSource.swift */ = {isa = PBXFileReference; fileEncoding = 4; lastKnownFileType = sourcecode.swift; path = ExternalSource.swift; sourceTree = "<group>"; };
		791F60412960BE0600076509 /* CoreDataManager.swift */ = {isa = PBXFileReference; fileEncoding = 4; lastKnownFileType = sourcecode.swift; path = CoreDataManager.swift; sourceTree = "<group>"; };
		791F60432960BE2600076509 /* jsonParser.swift */ = {isa = PBXFileReference; fileEncoding = 4; lastKnownFileType = sourcecode.swift; path = jsonParser.swift; sourceTree = "<group>"; };
		791F60462960BE3700076509 /* AssignmentModel.xcdatamodel */ = {isa = PBXFileReference; lastKnownFileType = wrapper.xcdatamodel; path = AssignmentModel.xcdatamodel; sourceTree = "<group>"; };
		791F60482960BE4900076509 /* AssignmentView.swift */ = {isa = PBXFileReference; fileEncoding = 4; lastKnownFileType = sourcecode.swift; path = AssignmentView.swift; sourceTree = "<group>"; };
		791F604A2960BE5100076509 /* TimerView.swift */ = {isa = PBXFileReference; fileEncoding = 4; lastKnownFileType = sourcecode.swift; path = TimerView.swift; sourceTree = "<group>"; };
		791F604C2960BE6000076509 /* Tester.swift */ = {isa = PBXFileReference; fileEncoding = 4; lastKnownFileType = sourcecode.swift; path = Tester.swift; sourceTree = "<group>"; };
		791F604E2960BE8B00076509 /* data.json */ = {isa = PBXFileReference; fileEncoding = 4; lastKnownFileType = text.json; path = data.json; sourceTree = "<group>"; };
		791F60572960C1BE00076509 /* pullJSon.py */ = {isa = PBXFileReference; lastKnownFileType = text.script.python; path = pullJSon.py; sourceTree = "<group>"; };
		795958C42960D78600CA6CEF /* icsJSonFinal.py */ = {isa = PBXFileReference; fileEncoding = 4; lastKnownFileType = text.script.python; path = icsJSonFinal.py; sourceTree = "<group>"; };
		795958C62960D78900CA6CEF /* test.py */ = {isa = PBXFileReference; lastKnownFileType = text.script.python; path = test.py; sourceTree = "<group>"; };
		795958C82960D79800CA6CEF /* icsJSon.py */ = {isa = PBXFileReference; lastKnownFileType = text.script.python; name = icsJSon.py; path = PlanIt/Data/icsJSonMain/icsJSon.py; sourceTree = SOURCE_ROOT; };
		795958CA2960EBEB00CA6CEF /* pythonSwiftBridge.swift */ = {isa = PBXFileReference; lastKnownFileType = sourcecode.swift; path = pythonSwiftBridge.swift; sourceTree = "<group>"; };
		795958CC2960F23000CA6CEF /* Testpy.swift */ = {isa = PBXFileReference; lastKnownFileType = sourcecode.swift; path = Testpy.swift; sourceTree = "<group>"; };
		795958CE2960F32A00CA6CEF /* Example.py */ = {isa = PBXFileReference; lastKnownFileType = text.script.python; path = Example.py; sourceTree = "<group>"; };
		7961B6CD297AE43600A0593E /* ExpandedCourse.swift */ = {isa = PBXFileReference; lastKnownFileType = sourcecode.swift; path = ExpandedCourse.swift; sourceTree = "<group>"; };
		7965646F296A35DA003D230F /* AssignmentViewNew.swift */ = {isa = PBXFileReference; lastKnownFileType = sourcecode.swift; path = AssignmentViewNew.swift; sourceTree = "<group>"; };
		796FFDF42974BC45007DF816 /* New.swift */ = {isa = PBXFileReference; fileEncoding = 4; lastKnownFileType = sourcecode.swift; path = New.swift; sourceTree = "<group>"; };
		797A79B4297F0CA700799769 /* PlannerRow.swift */ = {isa = PBXFileReference; lastKnownFileType = sourcecode.swift; path = PlannerRow.swift; sourceTree = "<group>"; };
		798BF0C2297606E0005D7ED5 /* ChildAssignmentRow.swift */ = {isa = PBXFileReference; lastKnownFileType = sourcecode.swift; path = ChildAssignmentRow.swift; sourceTree = "<group>"; };
		79B1CBE52977926400377357 /* NumTextField.swift */ = {isa = PBXFileReference; lastKnownFileType = sourcecode.swift; path = NumTextField.swift; sourceTree = "<group>"; };
		79B1CBE729788A5F00377357 /* AssignmentViewSupports.swift */ = {isa = PBXFileReference; lastKnownFileType = sourcecode.swift; path = AssignmentViewSupports.swift; sourceTree = "<group>"; };
/* End PBXFileReference section */

/* Begin PBXFrameworksBuildPhase section */
		791F60192960BB4300076509 /* Frameworks */ = {
			isa = PBXFrameworksBuildPhase;
			buildActionMask = 2147483647;
			files = (
				791F605E2960C93400076509 /* Python-iOS in Frameworks */,
				791F605B2960C35300076509 /* PythonKit in Frameworks */,
			);
			runOnlyForDeploymentPostprocessing = 0;
		};
/* End PBXFrameworksBuildPhase section */

/* Begin PBXGroup section */
		791F60132960BB4300076509 = {
			isa = PBXGroup;
			children = (
				791F601E2960BB4300076509 /* PlanIt */,
				791F601D2960BB4300076509 /* Products */,
			);
			sourceTree = "<group>";
		};
		791F601D2960BB4300076509 /* Products */ = {
			isa = PBXGroup;
			children = (
				791F601C2960BB4300076509 /* PlanIt.app */,
			);
			name = Products;
			sourceTree = "<group>";
		};
		791F601E2960BB4300076509 /* PlanIt */ = {
			isa = PBXGroup;
			children = (
				791F603F2960BDF100076509 /* Data */,
				791F602E2960BD1200076509 /* Views */,
				791F601F2960BB4300076509 /* PlanItApp.swift */,
				791F60212960BB4300076509 /* ContentView.swift */,
				791F60232960BB4400076509 /* Assets.xcassets */,
				791F60252960BB4400076509 /* PlanIt.entitlements */,
				791F60262960BB4400076509 /* Preview Content */,
			);
			path = PlanIt;
			sourceTree = "<group>";
		};
		791F60262960BB4400076509 /* Preview Content */ = {
			isa = PBXGroup;
			children = (
				791F60272960BB4400076509 /* Preview Assets.xcassets */,
			);
			path = "Preview Content";
			sourceTree = "<group>";
		};
		791F602E2960BD1200076509 /* Views */ = {
			isa = PBXGroup;
			children = (
				791F60312960BD3400076509 /* Supporting Views */,
				791F60302960BD2000076509 /* Main Views */,
			);
			name = Views;
			sourceTree = "<group>";
		};
		791F60302960BD2000076509 /* Main Views */ = {
			isa = PBXGroup;
			children = (
				791F60322960BD6300076509 /* Planner.swift */,
				791F60352960BD6300076509 /* Home.swift */,
				791BE999297E08B800DF724E /* EditAssignment.swift */,
				796FFDF42974BC45007DF816 /* New.swift */,
				791F60332960BD6300076509 /* Due.swift */,
				791F603C2960BD7000076509 /* ExternalSource.swift */,
				791F60342960BD6300076509 /* Settings.swift */,
			);
			name = "Main Views";
			sourceTree = "<group>";
		};
		791F60312960BD3400076509 /* Supporting Views */ = {
			isa = PBXGroup;
			children = (
				791F60482960BE4900076509 /* AssignmentView.swift */,
				791F604C2960BE6000076509 /* Tester.swift */,
				79B1CBE52977926400377357 /* NumTextField.swift */,
				798BF0C2297606E0005D7ED5 /* ChildAssignmentRow.swift */,
				791F604A2960BE5100076509 /* TimerView.swift */,
				79B1CBE729788A5F00377357 /* AssignmentViewSupports.swift */,
				795958CC2960F23000CA6CEF /* Testpy.swift */,
				7961B6CD297AE43600A0593E /* ExpandedCourse.swift */,
				7965646F296A35DA003D230F /* AssignmentViewNew.swift */,
				791410F9297AE1FE007F1DE2 /* ExpandedAssignment.swift */,
				797A79B4297F0CA700799769 /* PlannerRow.swift */,
				791BE995297DF9A700DF724E /* DateSelector.swift */,
			);
			name = "Supporting Views";
			sourceTree = "<group>";
		};
		791F603F2960BDF100076509 /* Data */ = {
			isa = PBXGroup;
			children = (
				795958C32960D77000CA6CEF /* icsJSonMain */,
				791F60432960BE2600076509 /* jsonParser.swift */,
				795958CA2960EBEB00CA6CEF /* pythonSwiftBridge.swift */,
				791F60452960BE3700076509 /* AssignmentModel.xcdatamodeld */,
				791F604E2960BE8B00076509 /* data.json */,
				791F60402960BDF800076509 /* Managers */,
				791F60572960C1BE00076509 /* pullJSon.py */,
			);
			path = Data;
			sourceTree = "<group>";
		};
		791F60402960BDF800076509 /* Managers */ = {
			isa = PBXGroup;
			children = (
				791F60412960BE0600076509 /* CoreDataManager.swift */,
			);
			name = Managers;
			sourceTree = "<group>";
		};
		791F60522960BF7800076509 /* icsJSon */ = {
			isa = PBXGroup;
			children = (
				795958C42960D78600CA6CEF /* icsJSonFinal.py */,
				795958C62960D78900CA6CEF /* test.py */,
				795958CE2960F32A00CA6CEF /* Example.py */,
			);
			path = icsJSon;
			sourceTree = "<group>";
		};
		795958C32960D77000CA6CEF /* icsJSonMain */ = {
			isa = PBXGroup;
			children = (
				795958C82960D79800CA6CEF /* icsJSon.py */,
				791F60522960BF7800076509 /* icsJSon */,
			);
			path = icsJSonMain;
			sourceTree = "<group>";
		};
/* End PBXGroup section */

/* Begin PBXNativeTarget section */
		791F601B2960BB4300076509 /* PlanIt */ = {
			isa = PBXNativeTarget;
			buildConfigurationList = 791F602B2960BB4400076509 /* Build configuration list for PBXNativeTarget "PlanIt" */;
			buildPhases = (
				791F60182960BB4300076509 /* Sources */,
				791F60192960BB4300076509 /* Frameworks */,
				791F601A2960BB4300076509 /* Resources */,
			);
			buildRules = (
			);
			dependencies = (
			);
			name = PlanIt;
			packageProductDependencies = (
				791F605A2960C35300076509 /* PythonKit */,
				791F605D2960C93400076509 /* Python-iOS */,
			);
			productName = PlanIt;
			productReference = 791F601C2960BB4300076509 /* PlanIt.app */;
			productType = "com.apple.product-type.application";
		};
/* End PBXNativeTarget section */

/* Begin PBXProject section */
		791F60142960BB4300076509 /* Project object */ = {
			isa = PBXProject;
			attributes = {
				BuildIndependentTargetsInParallel = 1;
				LastSwiftUpdateCheck = 1400;
				LastUpgradeCheck = 1400;
				TargetAttributes = {
					791F601B2960BB4300076509 = {
						CreatedOnToolsVersion = 14.0;
					};
				};
			};
			buildConfigurationList = 791F60172960BB4300076509 /* Build configuration list for PBXProject "PlanIt" */;
			compatibilityVersion = "Xcode 14.0";
			developmentRegion = en;
			hasScannedForEncodings = 0;
			knownRegions = (
				en,
				Base,
			);
			mainGroup = 791F60132960BB4300076509;
			packageReferences = (
				791F60592960C35300076509 /* XCRemoteSwiftPackageReference "PythonKit" */,
				791F605C2960C93400076509 /* XCRemoteSwiftPackageReference "Python-iOS" */,
			);
			productRefGroup = 791F601D2960BB4300076509 /* Products */;
			projectDirPath = "";
			projectRoot = "";
			targets = (
				791F601B2960BB4300076509 /* PlanIt */,
			);
		};
/* End PBXProject section */

/* Begin PBXResourcesBuildPhase section */
		791F601A2960BB4300076509 /* Resources */ = {
			isa = PBXResourcesBuildPhase;
			buildActionMask = 2147483647;
			files = (
				795958C72960D78900CA6CEF /* test.py in Resources */,
				791F60282960BB4400076509 /* Preview Assets.xcassets in Resources */,
				795958C52960D78600CA6CEF /* icsJSonFinal.py in Resources */,
				791F604F2960BE8C00076509 /* data.json in Resources */,
				795958C92960D79800CA6CEF /* icsJSon.py in Resources */,
				791F60242960BB4400076509 /* Assets.xcassets in Resources */,
				795958CF2960F32A00CA6CEF /* Example.py in Resources */,
				791F60582960C1BE00076509 /* pullJSon.py in Resources */,
			);
			runOnlyForDeploymentPostprocessing = 0;
		};
/* End PBXResourcesBuildPhase section */

/* Begin PBXSourcesBuildPhase section */
		791F60182960BB4300076509 /* Sources */ = {
			isa = PBXSourcesBuildPhase;
			buildActionMask = 2147483647;
			files = (
				795958CD2960F23000CA6CEF /* Testpy.swift in Sources */,
				791F60222960BB4300076509 /* ContentView.swift in Sources */,
				798BF0C3297606E0005D7ED5 /* ChildAssignmentRow.swift in Sources */,
				7961B6CE297AE43600A0593E /* ExpandedCourse.swift in Sources */,
				79B1CBE829788A5F00377357 /* AssignmentViewSupports.swift in Sources */,
				791F60202960BB4300076509 /* PlanItApp.swift in Sources */,
				791F603D2960BD7000076509 /* ExternalSource.swift in Sources */,
				791F60382960BD6300076509 /* Due.swift in Sources */,
				791F604B2960BE5100076509 /* TimerView.swift in Sources */,
				797A79B5297F0CA700799769 /* PlannerRow.swift in Sources */,
				791F604D2960BE6000076509 /* Tester.swift in Sources */,
				791BE996297DF9A700DF724E /* DateSelector.swift in Sources */,
				791410FA297AE1FE007F1DE2 /* ExpandedAssignment.swift in Sources */,
				791F60372960BD6300076509 /* Planner.swift in Sources */,
				795958CB2960EBEB00CA6CEF /* pythonSwiftBridge.swift in Sources */,
				79B1CBE62977926400377357 /* NumTextField.swift in Sources */,
				791F60442960BE2600076509 /* jsonParser.swift in Sources */,
				791F60492960BE4900076509 /* AssignmentView.swift in Sources */,
				791F60422960BE0600076509 /* CoreDataManager.swift in Sources */,
				791F603A2960BD6300076509 /* Home.swift in Sources */,
				79656470296A35DA003D230F /* AssignmentViewNew.swift in Sources */,
				791F60472960BE3700076509 /* AssignmentModel.xcdatamodeld in Sources */,
				796FFDF52974BC45007DF816 /* New.swift in Sources */,
				791BE99A297E08B800DF724E /* EditAssignment.swift in Sources */,
				791F60392960BD6300076509 /* Settings.swift in Sources */,
			);
			runOnlyForDeploymentPostprocessing = 0;
		};
/* End PBXSourcesBuildPhase section */

/* Begin XCBuildConfiguration section */
		791F60292960BB4400076509 /* Debug */ = {
			isa = XCBuildConfiguration;
			buildSettings = {
				ALWAYS_SEARCH_USER_PATHS = NO;
				CLANG_ANALYZER_NONNULL = YES;
				CLANG_ANALYZER_NUMBER_OBJECT_CONVERSION = YES_AGGRESSIVE;
				CLANG_CXX_LANGUAGE_STANDARD = "gnu++20";
				CLANG_ENABLE_MODULES = YES;
				CLANG_ENABLE_OBJC_ARC = YES;
				CLANG_ENABLE_OBJC_WEAK = YES;
				CLANG_WARN_BLOCK_CAPTURE_AUTORELEASING = YES;
				CLANG_WARN_BOOL_CONVERSION = YES;
				CLANG_WARN_COMMA = YES;
				CLANG_WARN_CONSTANT_CONVERSION = YES;
				CLANG_WARN_DEPRECATED_OBJC_IMPLEMENTATIONS = YES;
				CLANG_WARN_DIRECT_OBJC_ISA_USAGE = YES_ERROR;
				CLANG_WARN_DOCUMENTATION_COMMENTS = YES;
				CLANG_WARN_EMPTY_BODY = YES;
				CLANG_WARN_ENUM_CONVERSION = YES;
				CLANG_WARN_INFINITE_RECURSION = YES;
				CLANG_WARN_INT_CONVERSION = YES;
				CLANG_WARN_NON_LITERAL_NULL_CONVERSION = YES;
				CLANG_WARN_OBJC_IMPLICIT_RETAIN_SELF = YES;
				CLANG_WARN_OBJC_LITERAL_CONVERSION = YES;
				CLANG_WARN_OBJC_ROOT_CLASS = YES_ERROR;
				CLANG_WARN_QUOTED_INCLUDE_IN_FRAMEWORK_HEADER = YES;
				CLANG_WARN_RANGE_LOOP_ANALYSIS = YES;
				CLANG_WARN_STRICT_PROTOTYPES = YES;
				CLANG_WARN_SUSPICIOUS_MOVE = YES;
				CLANG_WARN_UNGUARDED_AVAILABILITY = YES_AGGRESSIVE;
				CLANG_WARN_UNREACHABLE_CODE = YES;
				CLANG_WARN__DUPLICATE_METHOD_MATCH = YES;
				COPY_PHASE_STRIP = NO;
				DEBUG_INFORMATION_FORMAT = dwarf;
				ENABLE_STRICT_OBJC_MSGSEND = YES;
				ENABLE_TESTABILITY = YES;
				GCC_C_LANGUAGE_STANDARD = gnu11;
				GCC_DYNAMIC_NO_PIC = NO;
				GCC_NO_COMMON_BLOCKS = YES;
				GCC_OPTIMIZATION_LEVEL = 0;
				GCC_PREPROCESSOR_DEFINITIONS = (
					"DEBUG=1",
					"$(inherited)",
				);
				GCC_WARN_64_TO_32_BIT_CONVERSION = YES;
				GCC_WARN_ABOUT_RETURN_TYPE = YES_ERROR;
				GCC_WARN_UNDECLARED_SELECTOR = YES;
				GCC_WARN_UNINITIALIZED_AUTOS = YES_AGGRESSIVE;
				GCC_WARN_UNUSED_FUNCTION = YES;
				GCC_WARN_UNUSED_VARIABLE = YES;
				MTL_ENABLE_DEBUG_INFO = INCLUDE_SOURCE;
				MTL_FAST_MATH = YES;
				ONLY_ACTIVE_ARCH = YES;
				SWIFT_ACTIVE_COMPILATION_CONDITIONS = DEBUG;
				SWIFT_OPTIMIZATION_LEVEL = "-Onone";
			};
			name = Debug;
		};
		791F602A2960BB4400076509 /* Release */ = {
			isa = XCBuildConfiguration;
			buildSettings = {
				ALWAYS_SEARCH_USER_PATHS = NO;
				CLANG_ANALYZER_NONNULL = YES;
				CLANG_ANALYZER_NUMBER_OBJECT_CONVERSION = YES_AGGRESSIVE;
				CLANG_CXX_LANGUAGE_STANDARD = "gnu++20";
				CLANG_ENABLE_MODULES = YES;
				CLANG_ENABLE_OBJC_ARC = YES;
				CLANG_ENABLE_OBJC_WEAK = YES;
				CLANG_WARN_BLOCK_CAPTURE_AUTORELEASING = YES;
				CLANG_WARN_BOOL_CONVERSION = YES;
				CLANG_WARN_COMMA = YES;
				CLANG_WARN_CONSTANT_CONVERSION = YES;
				CLANG_WARN_DEPRECATED_OBJC_IMPLEMENTATIONS = YES;
				CLANG_WARN_DIRECT_OBJC_ISA_USAGE = YES_ERROR;
				CLANG_WARN_DOCUMENTATION_COMMENTS = YES;
				CLANG_WARN_EMPTY_BODY = YES;
				CLANG_WARN_ENUM_CONVERSION = YES;
				CLANG_WARN_INFINITE_RECURSION = YES;
				CLANG_WARN_INT_CONVERSION = YES;
				CLANG_WARN_NON_LITERAL_NULL_CONVERSION = YES;
				CLANG_WARN_OBJC_IMPLICIT_RETAIN_SELF = YES;
				CLANG_WARN_OBJC_LITERAL_CONVERSION = YES;
				CLANG_WARN_OBJC_ROOT_CLASS = YES_ERROR;
				CLANG_WARN_QUOTED_INCLUDE_IN_FRAMEWORK_HEADER = YES;
				CLANG_WARN_RANGE_LOOP_ANALYSIS = YES;
				CLANG_WARN_STRICT_PROTOTYPES = YES;
				CLANG_WARN_SUSPICIOUS_MOVE = YES;
				CLANG_WARN_UNGUARDED_AVAILABILITY = YES_AGGRESSIVE;
				CLANG_WARN_UNREACHABLE_CODE = YES;
				CLANG_WARN__DUPLICATE_METHOD_MATCH = YES;
				COPY_PHASE_STRIP = NO;
				DEBUG_INFORMATION_FORMAT = "dwarf-with-dsym";
				ENABLE_NS_ASSERTIONS = NO;
				ENABLE_STRICT_OBJC_MSGSEND = YES;
				GCC_C_LANGUAGE_STANDARD = gnu11;
				GCC_NO_COMMON_BLOCKS = YES;
				GCC_WARN_64_TO_32_BIT_CONVERSION = YES;
				GCC_WARN_ABOUT_RETURN_TYPE = YES_ERROR;
				GCC_WARN_UNDECLARED_SELECTOR = YES;
				GCC_WARN_UNINITIALIZED_AUTOS = YES_AGGRESSIVE;
				GCC_WARN_UNUSED_FUNCTION = YES;
				GCC_WARN_UNUSED_VARIABLE = YES;
				MTL_ENABLE_DEBUG_INFO = NO;
				MTL_FAST_MATH = YES;
				SWIFT_COMPILATION_MODE = wholemodule;
				SWIFT_OPTIMIZATION_LEVEL = "-O";
			};
			name = Release;
		};
		791F602C2960BB4400076509 /* Debug */ = {
			isa = XCBuildConfiguration;
			buildSettings = {
				ASSETCATALOG_COMPILER_APPICON_NAME = AppIcon;
				ASSETCATALOG_COMPILER_GLOBAL_ACCENT_COLOR_NAME = AccentColor;
				CODE_SIGN_ENTITLEMENTS = PlanIt/PlanIt.entitlements;
				CODE_SIGN_STYLE = Automatic;
				CURRENT_PROJECT_VERSION = 1;
				DEVELOPMENT_ASSET_PATHS = "\"PlanIt/Preview Content\"";
				DEVELOPMENT_TEAM = MDGWGM9GSG;
				ENABLE_HARDENED_RUNTIME = YES;
				ENABLE_PREVIEWS = YES;
				GENERATE_INFOPLIST_FILE = YES;
				"INFOPLIST_KEY_UIApplicationSceneManifest_Generation[sdk=iphoneos*]" = YES;
				"INFOPLIST_KEY_UIApplicationSceneManifest_Generation[sdk=iphonesimulator*]" = YES;
				"INFOPLIST_KEY_UIApplicationSupportsIndirectInputEvents[sdk=iphoneos*]" = YES;
				"INFOPLIST_KEY_UIApplicationSupportsIndirectInputEvents[sdk=iphonesimulator*]" = YES;
				"INFOPLIST_KEY_UILaunchScreen_Generation[sdk=iphoneos*]" = YES;
				"INFOPLIST_KEY_UILaunchScreen_Generation[sdk=iphonesimulator*]" = YES;
				"INFOPLIST_KEY_UIStatusBarStyle[sdk=iphoneos*]" = UIStatusBarStyleDefault;
				"INFOPLIST_KEY_UIStatusBarStyle[sdk=iphonesimulator*]" = UIStatusBarStyleDefault;
				INFOPLIST_KEY_UISupportedInterfaceOrientations_iPad = "UIInterfaceOrientationPortrait UIInterfaceOrientationPortraitUpsideDown UIInterfaceOrientationLandscapeLeft UIInterfaceOrientationLandscapeRight";
				INFOPLIST_KEY_UISupportedInterfaceOrientations_iPhone = "UIInterfaceOrientationPortrait UIInterfaceOrientationLandscapeLeft UIInterfaceOrientationLandscapeRight";
				IPHONEOS_DEPLOYMENT_TARGET = 16.0;
				LD_RUNPATH_SEARCH_PATHS = "@executable_path/Frameworks";
				"LD_RUNPATH_SEARCH_PATHS[sdk=macosx*]" = "@executable_path/../Frameworks";
				MACOSX_DEPLOYMENT_TARGET = 12.3;
				MARKETING_VERSION = 1.0;
				PRODUCT_BUNDLE_IDENTIFIER = Schematica.PlanIt;
				PRODUCT_NAME = "$(TARGET_NAME)";
				SDKROOT = auto;
				SUPPORTED_PLATFORMS = "iphoneos iphonesimulator";
				SUPPORTS_MACCATALYST = NO;
				SUPPORTS_MAC_DESIGNED_FOR_IPHONE_IPAD = NO;
				SWIFT_EMIT_LOC_STRINGS = YES;
				SWIFT_VERSION = 5.0;
				TARGETED_DEVICE_FAMILY = "1,2";
			};
			name = Debug;
		};
		791F602D2960BB4400076509 /* Release */ = {
			isa = XCBuildConfiguration;
			buildSettings = {
				ASSETCATALOG_COMPILER_APPICON_NAME = AppIcon;
				ASSETCATALOG_COMPILER_GLOBAL_ACCENT_COLOR_NAME = AccentColor;
				CODE_SIGN_ENTITLEMENTS = PlanIt/PlanIt.entitlements;
				CODE_SIGN_STYLE = Automatic;
				CURRENT_PROJECT_VERSION = 1;
				DEVELOPMENT_ASSET_PATHS = "\"PlanIt/Preview Content\"";
				DEVELOPMENT_TEAM = MDGWGM9GSG;
				ENABLE_HARDENED_RUNTIME = YES;
				ENABLE_PREVIEWS = YES;
				GENERATE_INFOPLIST_FILE = YES;
				"INFOPLIST_KEY_UIApplicationSceneManifest_Generation[sdk=iphoneos*]" = YES;
				"INFOPLIST_KEY_UIApplicationSceneManifest_Generation[sdk=iphonesimulator*]" = YES;
				"INFOPLIST_KEY_UIApplicationSupportsIndirectInputEvents[sdk=iphoneos*]" = YES;
				"INFOPLIST_KEY_UIApplicationSupportsIndirectInputEvents[sdk=iphonesimulator*]" = YES;
				"INFOPLIST_KEY_UILaunchScreen_Generation[sdk=iphoneos*]" = YES;
				"INFOPLIST_KEY_UILaunchScreen_Generation[sdk=iphonesimulator*]" = YES;
				"INFOPLIST_KEY_UIStatusBarStyle[sdk=iphoneos*]" = UIStatusBarStyleDefault;
				"INFOPLIST_KEY_UIStatusBarStyle[sdk=iphonesimulator*]" = UIStatusBarStyleDefault;
				INFOPLIST_KEY_UISupportedInterfaceOrientations_iPad = "UIInterfaceOrientationPortrait UIInterfaceOrientationPortraitUpsideDown UIInterfaceOrientationLandscapeLeft UIInterfaceOrientationLandscapeRight";
				INFOPLIST_KEY_UISupportedInterfaceOrientations_iPhone = "UIInterfaceOrientationPortrait UIInterfaceOrientationLandscapeLeft UIInterfaceOrientationLandscapeRight";
				IPHONEOS_DEPLOYMENT_TARGET = 16.0;
				LD_RUNPATH_SEARCH_PATHS = "@executable_path/Frameworks";
				"LD_RUNPATH_SEARCH_PATHS[sdk=macosx*]" = "@executable_path/../Frameworks";
				MACOSX_DEPLOYMENT_TARGET = 12.3;
				MARKETING_VERSION = 1.0;
				PRODUCT_BUNDLE_IDENTIFIER = Schematica.PlanIt;
				PRODUCT_NAME = "$(TARGET_NAME)";
				SDKROOT = auto;
				SUPPORTED_PLATFORMS = "iphoneos iphonesimulator";
				SUPPORTS_MACCATALYST = NO;
				SUPPORTS_MAC_DESIGNED_FOR_IPHONE_IPAD = NO;
				SWIFT_EMIT_LOC_STRINGS = YES;
				SWIFT_VERSION = 5.0;
				TARGETED_DEVICE_FAMILY = "1,2";
			};
			name = Release;
		};
/* End XCBuildConfiguration section */

/* Begin XCConfigurationList section */
		791F60172960BB4300076509 /* Build configuration list for PBXProject "PlanIt" */ = {
			isa = XCConfigurationList;
			buildConfigurations = (
				791F60292960BB4400076509 /* Debug */,
				791F602A2960BB4400076509 /* Release */,
			);
			defaultConfigurationIsVisible = 0;
			defaultConfigurationName = Release;
		};
		791F602B2960BB4400076509 /* Build configuration list for PBXNativeTarget "PlanIt" */ = {
			isa = XCConfigurationList;
			buildConfigurations = (
				791F602C2960BB4400076509 /* Debug */,
				791F602D2960BB4400076509 /* Release */,
			);
			defaultConfigurationIsVisible = 0;
			defaultConfigurationName = Release;
		};
/* End XCConfigurationList section */

/* Begin XCRemoteSwiftPackageReference section */
		791F60592960C35300076509 /* XCRemoteSwiftPackageReference "PythonKit" */ = {
			isa = XCRemoteSwiftPackageReference;
			repositoryURL = "https://github.com/pvieito/PythonKit";
			requirement = {
				branch = master;
				kind = branch;
			};
		};
		791F605C2960C93400076509 /* XCRemoteSwiftPackageReference "Python-iOS" */ = {
			isa = XCRemoteSwiftPackageReference;
			repositoryURL = "https://github.com/kewlbear/Python-iOS";
			requirement = {
				kind = upToNextMajorVersion;
				minimumVersion = 0.0.59932;
			};
		};
/* End XCRemoteSwiftPackageReference section */

/* Begin XCSwiftPackageProductDependency section */
		791F605A2960C35300076509 /* PythonKit */ = {
			isa = XCSwiftPackageProductDependency;
			package = 791F60592960C35300076509 /* XCRemoteSwiftPackageReference "PythonKit" */;
			productName = PythonKit;
		};
		791F605D2960C93400076509 /* Python-iOS */ = {
			isa = XCSwiftPackageProductDependency;
			package = 791F605C2960C93400076509 /* XCRemoteSwiftPackageReference "Python-iOS" */;
			productName = "Python-iOS";
		};
/* End XCSwiftPackageProductDependency section */

/* Begin XCVersionGroup section */
		791F60452960BE3700076509 /* AssignmentModel.xcdatamodeld */ = {
			isa = XCVersionGroup;
			children = (
				791F60462960BE3700076509 /* AssignmentModel.xcdatamodel */,
			);
			currentVersion = 791F60462960BE3700076509 /* AssignmentModel.xcdatamodel */;
			path = AssignmentModel.xcdatamodeld;
			sourceTree = "<group>";
			versionGroupType = wrapper.xcdatamodel;
		};
/* End XCVersionGroup section */
	};
	rootObject = 791F60142960BB4300076509 /* Project object */;
}
